PODS:
  - TextFieldEffects (1.4.0)

DEPENDENCIES:
  - TextFieldEffects

SPEC REPOS:
  https://github.com/cocoapods/specs.git:
    - TextFieldEffects

SPEC CHECKSUMS:
  TextFieldEffects: 4ee41b5216e674d55fb6ac25107bf1af7629176f

PODFILE CHECKSUM: aa18ddb21f2facd5b378380fd54b247ddb621575

COCOAPODS: 1.5.2
